
Microsoft Visual Studio Solution File, Format Version 12.00
# Visual Studio Version 17
VisualStudioVersion = 17.10.35027.167
MinimumVisualStudioVersion = 10.0.40219.1
Project("{9A19103F-16F7-4668-BE54-9A1E7A4F7556}") = "RegistrationSystem.StudentsAPI", "RegistrationSystem.StudentsAPI\RegistrationSystem.StudentsAPI.csproj", "{BBC25BF1-7A0B-45A6-86AD-AA291013E683}"
EndProject
Project("{9A19103F-16F7-4668-BE54-9A1E7A4F7556}") = "RegistrationSystem.CoursesAPI", "RegistrationSystem.CoursesAPI\RegistrationSystem.CoursesAPI.csproj", "{8805F03E-D679-4601-9C53-9498D3CBF860}"
EndProject
Project("{9A19103F-16F7-4668-BE54-9A1E7A4F7556}") = "RegistrationSystem.RegistrationAPI", "RegistrationSystem.RegistrationAPI\RegistrationSystem.RegistrationAPI.csproj", "{C0C6D800-0842-4C43-9659-773A84F692C1}"
EndProject
Project("{FAE04EC0-301F-11D3-BF4B-00C04F79EFBC}") = "RegistrationSystem.ReportService", "RegistrationSystem.ReportService\RegistrationSystem.ReportService.csproj", "{E8CC0DC9-B127-4F73-903C-FC533997E5E2}"
EndProject
Global
	GlobalSection(SolutionConfigurationPlatforms) = preSolution
		Debug|Any CPU = Debug|Any CPU
		Release|Any CPU = Release|Any CPU
	EndGlobalSection
	GlobalSection(ProjectConfigurationPlatforms) = postSolution
		{BBC25BF1-7A0B-45A6-86AD-AA291013E683}.Debug|Any CPU.ActiveCfg = Debug|Any CPU
		{BBC25BF1-7A0B-45A6-86AD-AA291013E683}.Debug|Any CPU.Build.0 = Debug|Any CPU
		{BBC25BF1-7A0B-45A6-86AD-AA291013E683}.Release|Any CPU.ActiveCfg = Release|Any CPU
		{BBC25BF1-7A0B-45A6-86AD-AA291013E683}.Release|Any CPU.Build.0 = Release|Any CPU
		{8805F03E-D679-4601-9C53-9498D3CBF860}.Debug|Any CPU.ActiveCfg = Debug|Any CPU
		{8805F03E-D679-4601-9C53-9498D3CBF860}.Debug|Any CPU.Build.0 = Debug|Any CPU
		{8805F03E-D679-4601-9C53-9498D3CBF860}.Release|Any CPU.ActiveCfg = Release|Any CPU
		{8805F03E-D679-4601-9C53-9498D3CBF860}.Release|Any CPU.Build.0 = Release|Any CPU
		{C0C6D800-0842-4C43-9659-773A84F692C1}.Debug|Any CPU.ActiveCfg = Debug|Any CPU
		{C0C6D800-0842-4C43-9659-773A84F692C1}.Debug|Any CPU.Build.0 = Debug|Any CPU
		{C0C6D800-0842-4C43-9659-773A84F692C1}.Release|Any CPU.ActiveCfg = Release|Any CPU
		{C0C6D800-0842-4C43-9659-773A84F692C1}.Release|Any CPU.Build.0 = Release|Any CPU
		{E8CC0DC9-B127-4F73-903C-FC533997E5E2}.Debug|Any CPU.ActiveCfg = Debug|Any CPU
		{E8CC0DC9-B127-4F73-903C-FC533997E5E2}.Debug|Any CPU.Build.0 = Debug|Any CPU
		{E8CC0DC9-B127-4F73-903C-FC533997E5E2}.Release|Any CPU.ActiveCfg = Release|Any CPU
		{E8CC0DC9-B127-4F73-903C-FC533997E5E2}.Release|Any CPU.Build.0 = Release|Any CPU
	EndGlobalSection
	GlobalSection(SolutionProperties) = preSolution
		HideSolutionNode = FALSE
	EndGlobalSection
	GlobalSection(ExtensibilityGlobals) = postSolution
		SolutionGuid = {BEBD9AC7-F535-46D7-AB47-DDFD3E306326}
	EndGlobalSection
EndGlobal
